<?xml version="1.0" encoding="UTF-8"?>
<CodeBlocks_project_file>
	<FileVersion major="1" minor="6"/>
	<Project>
		<Option title="Assignment"/>
		<Option makefile_is_custom="1"/>
		<Option compiler="gcc"/>
		<Option virtualFolders="CMake Files\;CMake Files\third\;CMake Files\third\glfw\;CMake Files\third\glfw\CMake\;CMake Files\third\glfw\CMake\modules\;CMake Files\third\glfw\src\;"/>
		<Build>
			<Target title="all">
				<Option working_dir="/home/roberto/downloads/Telegram Desktop/CG/cg-assignments"/>
				<Option type="4"/>
				<MakeCommands>
					<Build command="/usr/bin/make -j4 -f &quot;/home/roberto/downloads/Telegram\ Desktop/CG/cg-assignments/Makefile&quot;  VERBOSE=1 all"/>
					<CompileFile command="/usr/bin/make -j4 -f &quot;/home/roberto/downloads/Telegram\ Desktop/CG/cg-assignments/Makefile&quot;  VERBOSE=1 &quot;$file&quot;"/>
					<Clean command="/usr/bin/make -j4 -f &quot;/home/roberto/downloads/Telegram\ Desktop/CG/cg-assignments/Makefile&quot;  VERBOSE=1 clean"/>
					<DistClean command="/usr/bin/make -j4 -f &quot;/home/roberto/downloads/Telegram\ Desktop/CG/cg-assignments/Makefile&quot;  VERBOSE=1 clean"/>
				</MakeCommands>
			</Target>
			<Target title="edit_cache">
				<Option working_dir="/home/roberto/downloads/Telegram Desktop/CG/cg-assignments"/>
				<Option type="4"/>
				<MakeCommands>
					<Build command="/usr/bin/make -j4 -f &quot;/home/roberto/downloads/Telegram\ Desktop/CG/cg-assignments/Makefile&quot;  VERBOSE=1 edit_cache"/>
					<CompileFile command="/usr/bin/make -j4 -f &quot;/home/roberto/downloads/Telegram\ Desktop/CG/cg-assignments/Makefile&quot;  VERBOSE=1 &quot;$file&quot;"/>
					<Clean command="/usr/bin/make -j4 -f &quot;/home/roberto/downloads/Telegram\ Desktop/CG/cg-assignments/Makefile&quot;  VERBOSE=1 clean"/>
					<DistClean command="/usr/bin/make -j4 -f &quot;/home/roberto/downloads/Telegram\ Desktop/CG/cg-assignments/Makefile&quot;  VERBOSE=1 clean"/>
				</MakeCommands>
			</Target>
			<Target title="rebuild_cache">
				<Option working_dir="/home/roberto/downloads/Telegram Desktop/CG/cg-assignments"/>
				<Option type="4"/>
				<MakeCommands>
					<Build command="/usr/bin/make -j4 -f &quot;/home/roberto/downloads/Telegram\ Desktop/CG/cg-assignments/Makefile&quot;  VERBOSE=1 rebuild_cache"/>
					<CompileFile command="/usr/bin/make -j4 -f &quot;/home/roberto/downloads/Telegram\ Desktop/CG/cg-assignments/Makefile&quot;  VERBOSE=1 &quot;$file&quot;"/>
					<Clean command="/usr/bin/make -j4 -f &quot;/home/roberto/downloads/Telegram\ Desktop/CG/cg-assignments/Makefile&quot;  VERBOSE=1 clean"/>
					<DistClean command="/usr/bin/make -j4 -f &quot;/home/roberto/downloads/Telegram\ Desktop/CG/cg-assignments/Makefile&quot;  VERBOSE=1 clean"/>
				</MakeCommands>
			</Target>
			<Target title="CopyStuff">
				<Option working_dir="/home/roberto/downloads/Telegram Desktop/CG/cg-assignments"/>
				<Option type="4"/>
				<MakeCommands>
					<Build command="/usr/bin/make -j4 -f &quot;/home/roberto/downloads/Telegram\ Desktop/CG/cg-assignments/Makefile&quot;  VERBOSE=1 CopyStuff"/>
					<CompileFile command="/usr/bin/make -j4 -f &quot;/home/roberto/downloads/Telegram\ Desktop/CG/cg-assignments/Makefile&quot;  VERBOSE=1 &quot;$file&quot;"/>
					<Clean command="/usr/bin/make -j4 -f &quot;/home/roberto/downloads/Telegram\ Desktop/CG/cg-assignments/Makefile&quot;  VERBOSE=1 clean"/>
					<DistClean command="/usr/bin/make -j4 -f &quot;/home/roberto/downloads/Telegram\ Desktop/CG/cg-assignments/Makefile&quot;  VERBOSE=1 clean"/>
				</MakeCommands>
			</Target>
			<Target title="Assignment">
				<Option output="/home/roberto/downloads/Telegram Desktop/CG/cg-assignments/Assignment" prefix_auto="0" extension_auto="0"/>
				<Option working_dir="/home/roberto/downloads/Telegram Desktop/CG/cg-assignments"/>
				<Option object_output="./"/>
				<Option type="1"/>
				<Option compiler="gcc"/>
				<Compiler>
					<Add option="-DGLFW_INCLUDE_NONE"/>
					<Add option="-DGLM_FORCE_SIZE_T_LENGTH"/>
					<Add option="-DGLM_FORCE_RADIANS"/>
					<Add directory="/home/roberto/downloads/Telegram Desktop/CG/cg-assignments/include"/>
					<Add directory="/home/roberto/downloads/Telegram Desktop/CG/cg-assignments/third/gl/include"/>
					<Add directory="/home/roberto/downloads/Telegram Desktop/CG/cg-assignments/third/glfw/include"/>
					<Add directory="/home/roberto/downloads/Telegram Desktop/CG/cg-assignments/third/glm"/>
					<Add directory="/home/roberto/downloads/Telegram Desktop/CG/cg-assignments/third/stb"/>
					<Add directory="/usr/lib/gcc/x86_64-pc-linux-gnu/6.3.1/include"/>
					<Add directory="/usr/local/include"/>
					<Add directory="/usr/lib/gcc/x86_64-pc-linux-gnu/6.3.1/include-fixed"/>
					<Add directory="/usr/include"/>
					<Add directory="/usr/lib/gcc/x86_64-pc-linux-gnu/6.3.1/../../../../include/c++/6.3.1"/>
					<Add directory="/usr/lib/gcc/x86_64-pc-linux-gnu/6.3.1/../../../../include/c++/6.3.1/x86_64-pc-linux-gnu"/>
					<Add directory="/usr/lib/gcc/x86_64-pc-linux-gnu/6.3.1/../../../../include/c++/6.3.1/backward"/>
				</Compiler>
				<MakeCommands>
					<Build command="/usr/bin/make -j4 -f &quot;/home/roberto/downloads/Telegram\ Desktop/CG/cg-assignments/Makefile&quot;  VERBOSE=1 Assignment"/>
					<CompileFile command="/usr/bin/make -j4 -f &quot;/home/roberto/downloads/Telegram\ Desktop/CG/cg-assignments/Makefile&quot;  VERBOSE=1 &quot;$file&quot;"/>
					<Clean command="/usr/bin/make -j4 -f &quot;/home/roberto/downloads/Telegram\ Desktop/CG/cg-assignments/Makefile&quot;  VERBOSE=1 clean"/>
					<DistClean command="/usr/bin/make -j4 -f &quot;/home/roberto/downloads/Telegram\ Desktop/CG/cg-assignments/Makefile&quot;  VERBOSE=1 clean"/>
				</MakeCommands>
			</Target>
			<Target title="Assignment/fast">
				<Option output="/home/roberto/downloads/Telegram Desktop/CG/cg-assignments/Assignment" prefix_auto="0" extension_auto="0"/>
				<Option working_dir="/home/roberto/downloads/Telegram Desktop/CG/cg-assignments"/>
				<Option object_output="./"/>
				<Option type="1"/>
				<Option compiler="gcc"/>
				<Compiler>
					<Add option="-DGLFW_INCLUDE_NONE"/>
					<Add option="-DGLM_FORCE_SIZE_T_LENGTH"/>
					<Add option="-DGLM_FORCE_RADIANS"/>
					<Add directory="/home/roberto/downloads/Telegram Desktop/CG/cg-assignments/include"/>
					<Add directory="/home/roberto/downloads/Telegram Desktop/CG/cg-assignments/third/gl/include"/>
					<Add directory="/home/roberto/downloads/Telegram Desktop/CG/cg-assignments/third/glfw/include"/>
					<Add directory="/home/roberto/downloads/Telegram Desktop/CG/cg-assignments/third/glm"/>
					<Add directory="/home/roberto/downloads/Telegram Desktop/CG/cg-assignments/third/stb"/>
					<Add directory="/usr/lib/gcc/x86_64-pc-linux-gnu/6.3.1/include"/>
					<Add directory="/usr/local/include"/>
					<Add directory="/usr/lib/gcc/x86_64-pc-linux-gnu/6.3.1/include-fixed"/>
					<Add directory="/usr/include"/>
					<Add directory="/usr/lib/gcc/x86_64-pc-linux-gnu/6.3.1/../../../../include/c++/6.3.1"/>
					<Add directory="/usr/lib/gcc/x86_64-pc-linux-gnu/6.3.1/../../../../include/c++/6.3.1/x86_64-pc-linux-gnu"/>
					<Add directory="/usr/lib/gcc/x86_64-pc-linux-gnu/6.3.1/../../../../include/c++/6.3.1/backward"/>
				</Compiler>
				<MakeCommands>
					<Build command="/usr/bin/make -j4 -f &quot;/home/roberto/downloads/Telegram\ Desktop/CG/cg-assignments/Makefile&quot;  VERBOSE=1 Assignment/fast"/>
					<CompileFile command="/usr/bin/make -j4 -f &quot;/home/roberto/downloads/Telegram\ Desktop/CG/cg-assignments/Makefile&quot;  VERBOSE=1 &quot;$file&quot;"/>
					<Clean command="/usr/bin/make -j4 -f &quot;/home/roberto/downloads/Telegram\ Desktop/CG/cg-assignments/Makefile&quot;  VERBOSE=1 clean"/>
					<DistClean command="/usr/bin/make -j4 -f &quot;/home/roberto/downloads/Telegram\ Desktop/CG/cg-assignments/Makefile&quot;  VERBOSE=1 clean"/>
				</MakeCommands>
			</Target>
			<Target title="glfw">
				<Option output="/home/roberto/downloads/Telegram Desktop/CG/cg-assignments/third/glfw/src/libglfw3.a" prefix_auto="0" extension_auto="0"/>
				<Option working_dir="/home/roberto/downloads/Telegram Desktop/CG/cg-assignments/third/glfw/src"/>
				<Option object_output="./"/>
				<Option type="2"/>
				<Option compiler="gcc"/>
				<Compiler>
					<Add option="-D_GLFW_USE_CONFIG_H"/>
					<Add directory="/home/roberto/downloads/Telegram Desktop/CG/cg-assignments/third/glfw/include"/>
					<Add directory="/home/roberto/downloads/Telegram Desktop/CG/cg-assignments/third/glfw/src"/>
					<Add directory="/usr/lib/gcc/x86_64-pc-linux-gnu/6.3.1/include"/>
					<Add directory="/usr/local/include"/>
					<Add directory="/usr/lib/gcc/x86_64-pc-linux-gnu/6.3.1/include-fixed"/>
					<Add directory="/usr/include"/>
					<Add directory="/usr/lib/gcc/x86_64-pc-linux-gnu/6.3.1/../../../../include/c++/6.3.1"/>
					<Add directory="/usr/lib/gcc/x86_64-pc-linux-gnu/6.3.1/../../../../include/c++/6.3.1/x86_64-pc-linux-gnu"/>
					<Add directory="/usr/lib/gcc/x86_64-pc-linux-gnu/6.3.1/../../../../include/c++/6.3.1/backward"/>
				</Compiler>
				<MakeCommands>
					<Build command="/usr/bin/make -j4 -f &quot;/home/roberto/downloads/Telegram\ Desktop/CG/cg-assignments/third/glfw/src/Makefile&quot;  VERBOSE=1 glfw"/>
					<CompileFile command="/usr/bin/make -j4 -f &quot;/home/roberto/downloads/Telegram\ Desktop/CG/cg-assignments/third/glfw/src/Makefile&quot;  VERBOSE=1 &quot;$file&quot;"/>
					<Clean command="/usr/bin/make -j4 -f &quot;/home/roberto/downloads/Telegram\ Desktop/CG/cg-assignments/third/glfw/src/Makefile&quot;  VERBOSE=1 clean"/>
					<DistClean command="/usr/bin/make -j4 -f &quot;/home/roberto/downloads/Telegram\ Desktop/CG/cg-assignments/third/glfw/src/Makefile&quot;  VERBOSE=1 clean"/>
				</MakeCommands>
			</Target>
			<Target title="glfw/fast">
				<Option output="/home/roberto/downloads/Telegram Desktop/CG/cg-assignments/third/glfw/src/libglfw3.a" prefix_auto="0" extension_auto="0"/>
				<Option working_dir="/home/roberto/downloads/Telegram Desktop/CG/cg-assignments/third/glfw/src"/>
				<Option object_output="./"/>
				<Option type="2"/>
				<Option compiler="gcc"/>
				<Compiler>
					<Add option="-D_GLFW_USE_CONFIG_H"/>
					<Add directory="/home/roberto/downloads/Telegram Desktop/CG/cg-assignments/third/glfw/include"/>
					<Add directory="/home/roberto/downloads/Telegram Desktop/CG/cg-assignments/third/glfw/src"/>
					<Add directory="/usr/lib/gcc/x86_64-pc-linux-gnu/6.3.1/include"/>
					<Add directory="/usr/local/include"/>
					<Add directory="/usr/lib/gcc/x86_64-pc-linux-gnu/6.3.1/include-fixed"/>
					<Add directory="/usr/include"/>
					<Add directory="/usr/lib/gcc/x86_64-pc-linux-gnu/6.3.1/../../../../include/c++/6.3.1"/>
					<Add directory="/usr/lib/gcc/x86_64-pc-linux-gnu/6.3.1/../../../../include/c++/6.3.1/x86_64-pc-linux-gnu"/>
					<Add directory="/usr/lib/gcc/x86_64-pc-linux-gnu/6.3.1/../../../../include/c++/6.3.1/backward"/>
				</Compiler>
				<MakeCommands>
					<Build command="/usr/bin/make -j4 -f &quot;/home/roberto/downloads/Telegram\ Desktop/CG/cg-assignments/third/glfw/src/Makefile&quot;  VERBOSE=1 glfw/fast"/>
					<CompileFile command="/usr/bin/make -j4 -f &quot;/home/roberto/downloads/Telegram\ Desktop/CG/cg-assignments/third/glfw/src/Makefile&quot;  VERBOSE=1 &quot;$file&quot;"/>
					<Clean command="/usr/bin/make -j4 -f &quot;/home/roberto/downloads/Telegram\ Desktop/CG/cg-assignments/third/glfw/src/Makefile&quot;  VERBOSE=1 clean"/>
					<DistClean command="/usr/bin/make -j4 -f &quot;/home/roberto/downloads/Telegram\ Desktop/CG/cg-assignments/third/glfw/src/Makefile&quot;  VERBOSE=1 clean"/>
				</MakeCommands>
			</Target>
		</Build>
		<Unit filename="/home/roberto/downloads/Telegram Desktop/CG/cg-assignments/content/earth.png">
			<Option target="Assignment"/>
		</Unit>
		<Unit filename="/home/roberto/downloads/Telegram Desktop/CG/cg-assignments/content/fish0.png">
			<Option target="Assignment"/>
		</Unit>
		<Unit filename="/home/roberto/downloads/Telegram Desktop/CG/cg-assignments/content/fish1.png">
			<Option target="Assignment"/>
		</Unit>
		<Unit filename="/home/roberto/downloads/Telegram Desktop/CG/cg-assignments/content/fish2.png">
			<Option target="Assignment"/>
		</Unit>
		<Unit filename="/home/roberto/downloads/Telegram Desktop/CG/cg-assignments/include/collision.hpp">
			<Option target="Assignment"/>
		</Unit>
		<Unit filename="/home/roberto/downloads/Telegram Desktop/CG/cg-assignments/include/common.hpp">
			<Option target="Assignment"/>
		</Unit>
		<Unit filename="/home/roberto/downloads/Telegram Desktop/CG/cg-assignments/include/defer.hpp">
			<Option target="Assignment"/>
		</Unit>
		<Unit filename="/home/roberto/downloads/Telegram Desktop/CG/cg-assignments/include/file.hpp">
			<Option target="Assignment"/>
		</Unit>
		<Unit filename="/home/roberto/downloads/Telegram Desktop/CG/cg-assignments/include/framebuffer.hpp">
			<Option target="Assignment"/>
		</Unit>
		<Unit filename="/home/roberto/downloads/Telegram Desktop/CG/cg-assignments/include/input.hpp">
			<Option target="Assignment"/>
		</Unit>
		<Unit filename="/home/roberto/downloads/Telegram Desktop/CG/cg-assignments/include/quad.hpp">
			<Option target="Assignment"/>
		</Unit>
		<Unit filename="/home/roberto/downloads/Telegram Desktop/CG/cg-assignments/include/shader.hpp">
			<Option target="Assignment"/>
		</Unit>
		<Unit filename="/home/roberto/downloads/Telegram Desktop/CG/cg-assignments/include/texture.hpp">
			<Option target="Assignment"/>
		</Unit>
		<Unit filename="/home/roberto/downloads/Telegram Desktop/CG/cg-assignments/include/transform.hpp">
			<Option target="Assignment"/>
		</Unit>
		<Unit filename="/home/roberto/downloads/Telegram Desktop/CG/cg-assignments/shader/post.frag">
			<Option target="Assignment"/>
		</Unit>
		<Unit filename="/home/roberto/downloads/Telegram Desktop/CG/cg-assignments/shader/post.vert">
			<Option target="Assignment"/>
		</Unit>
		<Unit filename="/home/roberto/downloads/Telegram Desktop/CG/cg-assignments/shader/quad.frag">
			<Option target="Assignment"/>
		</Unit>
		<Unit filename="/home/roberto/downloads/Telegram Desktop/CG/cg-assignments/shader/quad.vert">
			<Option target="Assignment"/>
		</Unit>
		<Unit filename="/home/roberto/downloads/Telegram Desktop/CG/cg-assignments/src/main.cpp">
			<Option target="Assignment"/>
		</Unit>
		<Unit filename="/home/roberto/downloads/Telegram Desktop/CG/cg-assignments/third/gl/include/gl_33.hpp">
			<Option target="Assignment"/>
		</Unit>
		<Unit filename="/home/roberto/downloads/Telegram Desktop/CG/cg-assignments/third/gl/src/gl_33.cpp">
			<Option target="Assignment"/>
		</Unit>
		<Unit filename="/home/roberto/downloads/Telegram Desktop/CG/cg-assignments/third/glfw/include/GLFW/glfw3.h">
			<Option target="glfw"/>
		</Unit>
		<Unit filename="/home/roberto/downloads/Telegram Desktop/CG/cg-assignments/third/glfw/include/GLFW/glfw3native.h">
			<Option target="glfw"/>
		</Unit>
		<Unit filename="/home/roberto/downloads/Telegram Desktop/CG/cg-assignments/third/glfw/src/context.c">
			<Option target="glfw"/>
		</Unit>
		<Unit filename="/home/roberto/downloads/Telegram Desktop/CG/cg-assignments/third/glfw/src/egl_context.c">
			<Option target="glfw"/>
		</Unit>
		<Unit filename="/home/roberto/downloads/Telegram Desktop/CG/cg-assignments/third/glfw/src/egl_context.h">
			<Option target="glfw"/>
		</Unit>
		<Unit filename="/home/roberto/downloads/Telegram Desktop/CG/cg-assignments/third/glfw/src/glfw_config.h">
			<Option target="glfw"/>
		</Unit>
		<Unit filename="/home/roberto/downloads/Telegram Desktop/CG/cg-assignments/third/glfw/src/glx_context.c">
			<Option target="glfw"/>
		</Unit>
		<Unit filename="/home/roberto/downloads/Telegram Desktop/CG/cg-assignments/third/glfw/src/glx_context.h">
			<Option target="glfw"/>
		</Unit>
		<Unit filename="/home/roberto/downloads/Telegram Desktop/CG/cg-assignments/third/glfw/src/init.c">
			<Option target="glfw"/>
		</Unit>
		<Unit filename="/home/roberto/downloads/Telegram Desktop/CG/cg-assignments/third/glfw/src/input.c">
			<Option target="glfw"/>
		</Unit>
		<Unit filename="/home/roberto/downloads/Telegram Desktop/CG/cg-assignments/third/glfw/src/internal.h">
			<Option target="glfw"/>
		</Unit>
		<Unit filename="/home/roberto/downloads/Telegram Desktop/CG/cg-assignments/third/glfw/src/linux_joystick.c">
			<Option target="glfw"/>
		</Unit>
		<Unit filename="/home/roberto/downloads/Telegram Desktop/CG/cg-assignments/third/glfw/src/linux_joystick.h">
			<Option target="glfw"/>
		</Unit>
		<Unit filename="/home/roberto/downloads/Telegram Desktop/CG/cg-assignments/third/glfw/src/monitor.c">
			<Option target="glfw"/>
		</Unit>
		<Unit filename="/home/roberto/downloads/Telegram Desktop/CG/cg-assignments/third/glfw/src/posix_time.c">
			<Option target="glfw"/>
		</Unit>
		<Unit filename="/home/roberto/downloads/Telegram Desktop/CG/cg-assignments/third/glfw/src/posix_time.h">
			<Option target="glfw"/>
		</Unit>
		<Unit filename="/home/roberto/downloads/Telegram Desktop/CG/cg-assignments/third/glfw/src/posix_tls.c">
			<Option target="glfw"/>
		</Unit>
		<Unit filename="/home/roberto/downloads/Telegram Desktop/CG/cg-assignments/third/glfw/src/posix_tls.h">
			<Option target="glfw"/>
		</Unit>
		<Unit filename="/home/roberto/downloads/Telegram Desktop/CG/cg-assignments/third/glfw/src/vulkan.c">
			<Option target="glfw"/>
		</Unit>
		<Unit filename="/home/roberto/downloads/Telegram Desktop/CG/cg-assignments/third/glfw/src/window.c">
			<Option target="glfw"/>
		</Unit>
		<Unit filename="/home/roberto/downloads/Telegram Desktop/CG/cg-assignments/third/glfw/src/x11_init.c">
			<Option target="glfw"/>
		</Unit>
		<Unit filename="/home/roberto/downloads/Telegram Desktop/CG/cg-assignments/third/glfw/src/x11_monitor.c">
			<Option target="glfw"/>
		</Unit>
		<Unit filename="/home/roberto/downloads/Telegram Desktop/CG/cg-assignments/third/glfw/src/x11_platform.h">
			<Option target="glfw"/>
		</Unit>
		<Unit filename="/home/roberto/downloads/Telegram Desktop/CG/cg-assignments/third/glfw/src/x11_window.c">
			<Option target="glfw"/>
		</Unit>
		<Unit filename="/home/roberto/downloads/Telegram Desktop/CG/cg-assignments/third/glfw/src/xkb_unicode.c">
			<Option target="glfw"/>
		</Unit>
		<Unit filename="/home/roberto/downloads/Telegram Desktop/CG/cg-assignments/third/glfw/src/xkb_unicode.h">
			<Option target="glfw"/>
		</Unit>
		<Unit filename="/home/roberto/downloads/Telegram Desktop/CG/cg-assignments/third/glm/glm/common.hpp">
			<Option target="Assignment"/>
		</Unit>
		<Unit filename="/home/roberto/downloads/Telegram Desktop/CG/cg-assignments/third/glm/glm/detail/_features.hpp">
			<Option target="Assignment"/>
		</Unit>
		<Unit filename="/home/roberto/downloads/Telegram Desktop/CG/cg-assignments/third/glm/glm/detail/_fixes.hpp">
			<Option target="Assignment"/>
		</Unit>
		<Unit filename="/home/roberto/downloads/Telegram Desktop/CG/cg-assignments/third/glm/glm/detail/_noise.hpp">
			<Option target="Assignment"/>
		</Unit>
		<Unit filename="/home/roberto/downloads/Telegram Desktop/CG/cg-assignments/third/glm/glm/detail/_swizzle.hpp">
			<Option target="Assignment"/>
		</Unit>
		<Unit filename="/home/roberto/downloads/Telegram Desktop/CG/cg-assignments/third/glm/glm/detail/_swizzle_func.hpp">
			<Option target="Assignment"/>
		</Unit>
		<Unit filename="/home/roberto/downloads/Telegram Desktop/CG/cg-assignments/third/glm/glm/detail/_vectorize.hpp">
			<Option target="Assignment"/>
		</Unit>
		<Unit filename="/home/roberto/downloads/Telegram Desktop/CG/cg-assignments/third/glm/glm/detail/func_common.hpp">
			<Option target="Assignment"/>
		</Unit>
		<Unit filename="/home/roberto/downloads/Telegram Desktop/CG/cg-assignments/third/glm/glm/detail/func_exponential.hpp">
			<Option target="Assignment"/>
		</Unit>
		<Unit filename="/home/roberto/downloads/Telegram Desktop/CG/cg-assignments/third/glm/glm/detail/func_geometric.hpp">
			<Option target="Assignment"/>
		</Unit>
		<Unit filename="/home/roberto/downloads/Telegram Desktop/CG/cg-assignments/third/glm/glm/detail/func_integer.hpp">
			<Option target="Assignment"/>
		</Unit>
		<Unit filename="/home/roberto/downloads/Telegram Desktop/CG/cg-assignments/third/glm/glm/detail/func_matrix.hpp">
			<Option target="Assignment"/>
		</Unit>
		<Unit filename="/home/roberto/downloads/Telegram Desktop/CG/cg-assignments/third/glm/glm/detail/func_packing.hpp">
			<Option target="Assignment"/>
		</Unit>
		<Unit filename="/home/roberto/downloads/Telegram Desktop/CG/cg-assignments/third/glm/glm/detail/func_trigonometric.hpp">
			<Option target="Assignment"/>
		</Unit>
		<Unit filename="/home/roberto/downloads/Telegram Desktop/CG/cg-assignments/third/glm/glm/detail/func_vector_relational.hpp">
			<Option target="Assignment"/>
		</Unit>
		<Unit filename="/home/roberto/downloads/Telegram Desktop/CG/cg-assignments/third/glm/glm/detail/precision.hpp">
			<Option target="Assignment"/>
		</Unit>
		<Unit filename="/home/roberto/downloads/Telegram Desktop/CG/cg-assignments/third/glm/glm/detail/setup.hpp">
			<Option target="Assignment"/>
		</Unit>
		<Unit filename="/home/roberto/downloads/Telegram Desktop/CG/cg-assignments/third/glm/glm/detail/type_float.hpp">
			<Option target="Assignment"/>
		</Unit>
		<Unit filename="/home/roberto/downloads/Telegram Desktop/CG/cg-assignments/third/glm/glm/detail/type_gentype.hpp">
			<Option target="Assignment"/>
		</Unit>
		<Unit filename="/home/roberto/downloads/Telegram Desktop/CG/cg-assignments/third/glm/glm/detail/type_half.hpp">
			<Option target="Assignment"/>
		</Unit>
		<Unit filename="/home/roberto/downloads/Telegram Desktop/CG/cg-assignments/third/glm/glm/detail/type_int.hpp">
			<Option target="Assignment"/>
		</Unit>
		<Unit filename="/home/roberto/downloads/Telegram Desktop/CG/cg-assignments/third/glm/glm/detail/type_mat.hpp">
			<Option target="Assignment"/>
		</Unit>
		<Unit filename="/home/roberto/downloads/Telegram Desktop/CG/cg-assignments/third/glm/glm/detail/type_mat2x2.hpp">
			<Option target="Assignment"/>
		</Unit>
		<Unit filename="/home/roberto/downloads/Telegram Desktop/CG/cg-assignments/third/glm/glm/detail/type_mat2x3.hpp">
			<Option target="Assignment"/>
		</Unit>
		<Unit filename="/home/roberto/downloads/Telegram Desktop/CG/cg-assignments/third/glm/glm/detail/type_mat2x4.hpp">
			<Option target="Assignment"/>
		</Unit>
		<Unit filename="/home/roberto/downloads/Telegram Desktop/CG/cg-assignments/third/glm/glm/detail/type_mat3x2.hpp">
			<Option target="Assignment"/>
		</Unit>
		<Unit filename="/home/roberto/downloads/Telegram Desktop/CG/cg-assignments/third/glm/glm/detail/type_mat3x3.hpp">
			<Option target="Assignment"/>
		</Unit>
		<Unit filename="/home/roberto/downloads/Telegram Desktop/CG/cg-assignments/third/glm/glm/detail/type_mat3x4.hpp">
			<Option target="Assignment"/>
		</Unit>
		<Unit filename="/home/roberto/downloads/Telegram Desktop/CG/cg-assignments/third/glm/glm/detail/type_mat4x2.hpp">
			<Option target="Assignment"/>
		</Unit>
		<Unit filename="/home/roberto/downloads/Telegram Desktop/CG/cg-assignments/third/glm/glm/detail/type_mat4x3.hpp">
			<Option target="Assignment"/>
		</Unit>
		<Unit filename="/home/roberto/downloads/Telegram Desktop/CG/cg-assignments/third/glm/glm/detail/type_mat4x4.hpp">
			<Option target="Assignment"/>
		</Unit>
		<Unit filename="/home/roberto/downloads/Telegram Desktop/CG/cg-assignments/third/glm/glm/detail/type_vec.hpp">
			<Option target="Assignment"/>
		</Unit>
		<Unit filename="/home/roberto/downloads/Telegram Desktop/CG/cg-assignments/third/glm/glm/detail/type_vec1.hpp">
			<Option target="Assignment"/>
		</Unit>
		<Unit filename="/home/roberto/downloads/Telegram Desktop/CG/cg-assignments/third/glm/glm/detail/type_vec2.hpp">
			<Option target="Assignment"/>
		</Unit>
		<Unit filename="/home/roberto/downloads/Telegram Desktop/CG/cg-assignments/third/glm/glm/detail/type_vec3.hpp">
			<Option target="Assignment"/>
		</Unit>
		<Unit filename="/home/roberto/downloads/Telegram Desktop/CG/cg-assignments/third/glm/glm/detail/type_vec4.hpp">
			<Option target="Assignment"/>
		</Unit>
		<Unit filename="/home/roberto/downloads/Telegram Desktop/CG/cg-assignments/third/glm/glm/exponential.hpp">
			<Option target="Assignment"/>
		</Unit>
		<Unit filename="/home/roberto/downloads/Telegram Desktop/CG/cg-assignments/third/glm/glm/ext.hpp">
			<Option target="Assignment"/>
		</Unit>
		<Unit filename="/home/roberto/downloads/Telegram Desktop/CG/cg-assignments/third/glm/glm/fwd.hpp">
			<Option target="Assignment"/>
		</Unit>
		<Unit filename="/home/roberto/downloads/Telegram Desktop/CG/cg-assignments/third/glm/glm/geometric.hpp">
			<Option target="Assignment"/>
		</Unit>
		<Unit filename="/home/roberto/downloads/Telegram Desktop/CG/cg-assignments/third/glm/glm/glm.hpp">
			<Option target="Assignment"/>
		</Unit>
		<Unit filename="/home/roberto/downloads/Telegram Desktop/CG/cg-assignments/third/glm/glm/gtc/bitfield.hpp">
			<Option target="Assignment"/>
		</Unit>
		<Unit filename="/home/roberto/downloads/Telegram Desktop/CG/cg-assignments/third/glm/glm/gtc/color_space.hpp">
			<Option target="Assignment"/>
		</Unit>
		<Unit filename="/home/roberto/downloads/Telegram Desktop/CG/cg-assignments/third/glm/glm/gtc/constants.hpp">
			<Option target="Assignment"/>
		</Unit>
		<Unit filename="/home/roberto/downloads/Telegram Desktop/CG/cg-assignments/third/glm/glm/gtc/epsilon.hpp">
			<Option target="Assignment"/>
		</Unit>
		<Unit filename="/home/roberto/downloads/Telegram Desktop/CG/cg-assignments/third/glm/glm/gtc/functions.hpp">
			<Option target="Assignment"/>
		</Unit>
		<Unit filename="/home/roberto/downloads/Telegram Desktop/CG/cg-assignments/third/glm/glm/gtc/integer.hpp">
			<Option target="Assignment"/>
		</Unit>
		<Unit filename="/home/roberto/downloads/Telegram Desktop/CG/cg-assignments/third/glm/glm/gtc/matrix_access.hpp">
			<Option target="Assignment"/>
		</Unit>
		<Unit filename="/home/roberto/downloads/Telegram Desktop/CG/cg-assignments/third/glm/glm/gtc/matrix_integer.hpp">
			<Option target="Assignment"/>
		</Unit>
		<Unit filename="/home/roberto/downloads/Telegram Desktop/CG/cg-assignments/third/glm/glm/gtc/matrix_inverse.hpp">
			<Option target="Assignment"/>
		</Unit>
		<Unit filename="/home/roberto/downloads/Telegram Desktop/CG/cg-assignments/third/glm/glm/gtc/matrix_transform.hpp">
			<Option target="Assignment"/>
		</Unit>
		<Unit filename="/home/roberto/downloads/Telegram Desktop/CG/cg-assignments/third/glm/glm/gtc/noise.hpp">
			<Option target="Assignment"/>
		</Unit>
		<Unit filename="/home/roberto/downloads/Telegram Desktop/CG/cg-assignments/third/glm/glm/gtc/packing.hpp">
			<Option target="Assignment"/>
		</Unit>
		<Unit filename="/home/roberto/downloads/Telegram Desktop/CG/cg-assignments/third/glm/glm/gtc/quaternion.hpp">
			<Option target="Assignment"/>
		</Unit>
		<Unit filename="/home/roberto/downloads/Telegram Desktop/CG/cg-assignments/third/glm/glm/gtc/random.hpp">
			<Option target="Assignment"/>
		</Unit>
		<Unit filename="/home/roberto/downloads/Telegram Desktop/CG/cg-assignments/third/glm/glm/gtc/reciprocal.hpp">
			<Option target="Assignment"/>
		</Unit>
		<Unit filename="/home/roberto/downloads/Telegram Desktop/CG/cg-assignments/third/glm/glm/gtc/round.hpp">
			<Option target="Assignment"/>
		</Unit>
		<Unit filename="/home/roberto/downloads/Telegram Desktop/CG/cg-assignments/third/glm/glm/gtc/type_aligned.hpp">
			<Option target="Assignment"/>
		</Unit>
		<Unit filename="/home/roberto/downloads/Telegram Desktop/CG/cg-assignments/third/glm/glm/gtc/type_precision.hpp">
			<Option target="Assignment"/>
		</Unit>
		<Unit filename="/home/roberto/downloads/Telegram Desktop/CG/cg-assignments/third/glm/glm/gtc/type_ptr.hpp">
			<Option target="Assignment"/>
		</Unit>
		<Unit filename="/home/roberto/downloads/Telegram Desktop/CG/cg-assignments/third/glm/glm/gtc/ulp.hpp">
			<Option target="Assignment"/>
		</Unit>
		<Unit filename="/home/roberto/downloads/Telegram Desktop/CG/cg-assignments/third/glm/glm/gtc/vec1.hpp">
			<Option target="Assignment"/>
		</Unit>
		<Unit filename="/home/roberto/downloads/Telegram Desktop/CG/cg-assignments/third/glm/glm/gtx/associated_min_max.hpp">
			<Option target="Assignment"/>
		</Unit>
		<Unit filename="/home/roberto/downloads/Telegram Desktop/CG/cg-assignments/third/glm/glm/gtx/bit.hpp">
			<Option target="Assignment"/>
		</Unit>
		<Unit filename="/home/roberto/downloads/Telegram Desktop/CG/cg-assignments/third/glm/glm/gtx/closest_point.hpp">
			<Option target="Assignment"/>
		</Unit>
		<Unit filename="/home/roberto/downloads/Telegram Desktop/CG/cg-assignments/third/glm/glm/gtx/color_space.hpp">
			<Option target="Assignment"/>
		</Unit>
		<Unit filename="/home/roberto/downloads/Telegram Desktop/CG/cg-assignments/third/glm/glm/gtx/color_space_YCoCg.hpp">
			<Option target="Assignment"/>
		</Unit>
		<Unit filename="/home/roberto/downloads/Telegram Desktop/CG/cg-assignments/third/glm/glm/gtx/common.hpp">
			<Option target="Assignment"/>
		</Unit>
		<Unit filename="/home/roberto/downloads/Telegram Desktop/CG/cg-assignments/third/glm/glm/gtx/compatibility.hpp">
			<Option target="Assignment"/>
		</Unit>
		<Unit filename="/home/roberto/downloads/Telegram Desktop/CG/cg-assignments/third/glm/glm/gtx/component_wise.hpp">
			<Option target="Assignment"/>
		</Unit>
		<Unit filename="/home/roberto/downloads/Telegram Desktop/CG/cg-assignments/third/glm/glm/gtx/dual_quaternion.hpp">
			<Option target="Assignment"/>
		</Unit>
		<Unit filename="/home/roberto/downloads/Telegram Desktop/CG/cg-assignments/third/glm/glm/gtx/euler_angles.hpp">
			<Option target="Assignment"/>
		</Unit>
		<Unit filename="/home/roberto/downloads/Telegram Desktop/CG/cg-assignments/third/glm/glm/gtx/extend.hpp">
			<Option target="Assignment"/>
		</Unit>
		<Unit filename="/home/roberto/downloads/Telegram Desktop/CG/cg-assignments/third/glm/glm/gtx/extended_min_max.hpp">
			<Option target="Assignment"/>
		</Unit>
		<Unit filename="/home/roberto/downloads/Telegram Desktop/CG/cg-assignments/third/glm/glm/gtx/fast_exponential.hpp">
			<Option target="Assignment"/>
		</Unit>
		<Unit filename="/home/roberto/downloads/Telegram Desktop/CG/cg-assignments/third/glm/glm/gtx/fast_square_root.hpp">
			<Option target="Assignment"/>
		</Unit>
		<Unit filename="/home/roberto/downloads/Telegram Desktop/CG/cg-assignments/third/glm/glm/gtx/fast_trigonometry.hpp">
			<Option target="Assignment"/>
		</Unit>
		<Unit filename="/home/roberto/downloads/Telegram Desktop/CG/cg-assignments/third/glm/glm/gtx/gradient_paint.hpp">
			<Option target="Assignment"/>
		</Unit>
		<Unit filename="/home/roberto/downloads/Telegram Desktop/CG/cg-assignments/third/glm/glm/gtx/handed_coordinate_space.hpp">
			<Option target="Assignment"/>
		</Unit>
		<Unit filename="/home/roberto/downloads/Telegram Desktop/CG/cg-assignments/third/glm/glm/gtx/hash.hpp">
			<Option target="Assignment"/>
		</Unit>
		<Unit filename="/home/roberto/downloads/Telegram Desktop/CG/cg-assignments/third/glm/glm/gtx/integer.hpp">
			<Option target="Assignment"/>
		</Unit>
		<Unit filename="/home/roberto/downloads/Telegram Desktop/CG/cg-assignments/third/glm/glm/gtx/intersect.hpp">
			<Option target="Assignment"/>
		</Unit>
		<Unit filename="/home/roberto/downloads/Telegram Desktop/CG/cg-assignments/third/glm/glm/gtx/io.hpp">
			<Option target="Assignment"/>
		</Unit>
		<Unit filename="/home/roberto/downloads/Telegram Desktop/CG/cg-assignments/third/glm/glm/gtx/log_base.hpp">
			<Option target="Assignment"/>
		</Unit>
		<Unit filename="/home/roberto/downloads/Telegram Desktop/CG/cg-assignments/third/glm/glm/gtx/matrix_cross_product.hpp">
			<Option target="Assignment"/>
		</Unit>
		<Unit filename="/home/roberto/downloads/Telegram Desktop/CG/cg-assignments/third/glm/glm/gtx/matrix_decompose.hpp">
			<Option target="Assignment"/>
		</Unit>
		<Unit filename="/home/roberto/downloads/Telegram Desktop/CG/cg-assignments/third/glm/glm/gtx/matrix_interpolation.hpp">
			<Option target="Assignment"/>
		</Unit>
		<Unit filename="/home/roberto/downloads/Telegram Desktop/CG/cg-assignments/third/glm/glm/gtx/matrix_major_storage.hpp">
			<Option target="Assignment"/>
		</Unit>
		<Unit filename="/home/roberto/downloads/Telegram Desktop/CG/cg-assignments/third/glm/glm/gtx/matrix_operation.hpp">
			<Option target="Assignment"/>
		</Unit>
		<Unit filename="/home/roberto/downloads/Telegram Desktop/CG/cg-assignments/third/glm/glm/gtx/matrix_query.hpp">
			<Option target="Assignment"/>
		</Unit>
		<Unit filename="/home/roberto/downloads/Telegram Desktop/CG/cg-assignments/third/glm/glm/gtx/matrix_transform_2d.hpp">
			<Option target="Assignment"/>
		</Unit>
		<Unit filename="/home/roberto/downloads/Telegram Desktop/CG/cg-assignments/third/glm/glm/gtx/mixed_product.hpp">
			<Option target="Assignment"/>
		</Unit>
		<Unit filename="/home/roberto/downloads/Telegram Desktop/CG/cg-assignments/third/glm/glm/gtx/norm.hpp">
			<Option target="Assignment"/>
		</Unit>
		<Unit filename="/home/roberto/downloads/Telegram Desktop/CG/cg-assignments/third/glm/glm/gtx/normal.hpp">
			<Option target="Assignment"/>
		</Unit>
		<Unit filename="/home/roberto/downloads/Telegram Desktop/CG/cg-assignments/third/glm/glm/gtx/normalize_dot.hpp">
			<Option target="Assignment"/>
		</Unit>
		<Unit filename="/home/roberto/downloads/Telegram Desktop/CG/cg-assignments/third/glm/glm/gtx/number_precision.hpp">
			<Option target="Assignment"/>
		</Unit>
		<Unit filename="/home/roberto/downloads/Telegram Desktop/CG/cg-assignments/third/glm/glm/gtx/optimum_pow.hpp">
			<Option target="Assignment"/>
		</Unit>
		<Unit filename="/home/roberto/downloads/Telegram Desktop/CG/cg-assignments/third/glm/glm/gtx/orthonormalize.hpp">
			<Option target="Assignment"/>
		</Unit>
		<Unit filename="/home/roberto/downloads/Telegram Desktop/CG/cg-assignments/third/glm/glm/gtx/perpendicular.hpp">
			<Option target="Assignment"/>
		</Unit>
		<Unit filename="/home/roberto/downloads/Telegram Desktop/CG/cg-assignments/third/glm/glm/gtx/polar_coordinates.hpp">
			<Option target="Assignment"/>
		</Unit>
		<Unit filename="/home/roberto/downloads/Telegram Desktop/CG/cg-assignments/third/glm/glm/gtx/projection.hpp">
			<Option target="Assignment"/>
		</Unit>
		<Unit filename="/home/roberto/downloads/Telegram Desktop/CG/cg-assignments/third/glm/glm/gtx/quaternion.hpp">
			<Option target="Assignment"/>
		</Unit>
		<Unit filename="/home/roberto/downloads/Telegram Desktop/CG/cg-assignments/third/glm/glm/gtx/range.hpp">
			<Option target="Assignment"/>
		</Unit>
		<Unit filename="/home/roberto/downloads/Telegram Desktop/CG/cg-assignments/third/glm/glm/gtx/raw_data.hpp">
			<Option target="Assignment"/>
		</Unit>
		<Unit filename="/home/roberto/downloads/Telegram Desktop/CG/cg-assignments/third/glm/glm/gtx/rotate_normalized_axis.hpp">
			<Option target="Assignment"/>
		</Unit>
		<Unit filename="/home/roberto/downloads/Telegram Desktop/CG/cg-assignments/third/glm/glm/gtx/rotate_vector.hpp">
			<Option target="Assignment"/>
		</Unit>
		<Unit filename="/home/roberto/downloads/Telegram Desktop/CG/cg-assignments/third/glm/glm/gtx/scalar_multiplication.hpp">
			<Option target="Assignment"/>
		</Unit>
		<Unit filename="/home/roberto/downloads/Telegram Desktop/CG/cg-assignments/third/glm/glm/gtx/scalar_relational.hpp">
			<Option target="Assignment"/>
		</Unit>
		<Unit filename="/home/roberto/downloads/Telegram Desktop/CG/cg-assignments/third/glm/glm/gtx/simd_mat4.hpp">
			<Option target="Assignment"/>
		</Unit>
		<Unit filename="/home/roberto/downloads/Telegram Desktop/CG/cg-assignments/third/glm/glm/gtx/simd_quat.hpp">
			<Option target="Assignment"/>
		</Unit>
		<Unit filename="/home/roberto/downloads/Telegram Desktop/CG/cg-assignments/third/glm/glm/gtx/simd_vec4.hpp">
			<Option target="Assignment"/>
		</Unit>
		<Unit filename="/home/roberto/downloads/Telegram Desktop/CG/cg-assignments/third/glm/glm/gtx/spline.hpp">
			<Option target="Assignment"/>
		</Unit>
		<Unit filename="/home/roberto/downloads/Telegram Desktop/CG/cg-assignments/third/glm/glm/gtx/std_based_type.hpp">
			<Option target="Assignment"/>
		</Unit>
		<Unit filename="/home/roberto/downloads/Telegram Desktop/CG/cg-assignments/third/glm/glm/gtx/string_cast.hpp">
			<Option target="Assignment"/>
		</Unit>
		<Unit filename="/home/roberto/downloads/Telegram Desktop/CG/cg-assignments/third/glm/glm/gtx/transform.hpp">
			<Option target="Assignment"/>
		</Unit>
		<Unit filename="/home/roberto/downloads/Telegram Desktop/CG/cg-assignments/third/glm/glm/gtx/transform2.hpp">
			<Option target="Assignment"/>
		</Unit>
		<Unit filename="/home/roberto/downloads/Telegram Desktop/CG/cg-assignments/third/glm/glm/gtx/type_aligned.hpp">
			<Option target="Assignment"/>
		</Unit>
		<Unit filename="/home/roberto/downloads/Telegram Desktop/CG/cg-assignments/third/glm/glm/gtx/type_trait.hpp">
			<Option target="Assignment"/>
		</Unit>
		<Unit filename="/home/roberto/downloads/Telegram Desktop/CG/cg-assignments/third/glm/glm/gtx/vector_angle.hpp">
			<Option target="Assignment"/>
		</Unit>
		<Unit filename="/home/roberto/downloads/Telegram Desktop/CG/cg-assignments/third/glm/glm/gtx/vector_query.hpp">
			<Option target="Assignment"/>
		</Unit>
		<Unit filename="/home/roberto/downloads/Telegram Desktop/CG/cg-assignments/third/glm/glm/gtx/wrap.hpp">
			<Option target="Assignment"/>
		</Unit>
		<Unit filename="/home/roberto/downloads/Telegram Desktop/CG/cg-assignments/third/glm/glm/integer.hpp">
			<Option target="Assignment"/>
		</Unit>
		<Unit filename="/home/roberto/downloads/Telegram Desktop/CG/cg-assignments/third/glm/glm/mat2x2.hpp">
			<Option target="Assignment"/>
		</Unit>
		<Unit filename="/home/roberto/downloads/Telegram Desktop/CG/cg-assignments/third/glm/glm/mat2x3.hpp">
			<Option target="Assignment"/>
		</Unit>
		<Unit filename="/home/roberto/downloads/Telegram Desktop/CG/cg-assignments/third/glm/glm/mat2x4.hpp">
			<Option target="Assignment"/>
		</Unit>
		<Unit filename="/home/roberto/downloads/Telegram Desktop/CG/cg-assignments/third/glm/glm/mat3x2.hpp">
			<Option target="Assignment"/>
		</Unit>
		<Unit filename="/home/roberto/downloads/Telegram Desktop/CG/cg-assignments/third/glm/glm/mat3x3.hpp">
			<Option target="Assignment"/>
		</Unit>
		<Unit filename="/home/roberto/downloads/Telegram Desktop/CG/cg-assignments/third/glm/glm/mat3x4.hpp">
			<Option target="Assignment"/>
		</Unit>
		<Unit filename="/home/roberto/downloads/Telegram Desktop/CG/cg-assignments/third/glm/glm/mat4x2.hpp">
			<Option target="Assignment"/>
		</Unit>
		<Unit filename="/home/roberto/downloads/Telegram Desktop/CG/cg-assignments/third/glm/glm/mat4x3.hpp">
			<Option target="Assignment"/>
		</Unit>
		<Unit filename="/home/roberto/downloads/Telegram Desktop/CG/cg-assignments/third/glm/glm/mat4x4.hpp">
			<Option target="Assignment"/>
		</Unit>
		<Unit filename="/home/roberto/downloads/Telegram Desktop/CG/cg-assignments/third/glm/glm/matrix.hpp">
			<Option target="Assignment"/>
		</Unit>
		<Unit filename="/home/roberto/downloads/Telegram Desktop/CG/cg-assignments/third/glm/glm/packing.hpp">
			<Option target="Assignment"/>
		</Unit>
		<Unit filename="/home/roberto/downloads/Telegram Desktop/CG/cg-assignments/third/glm/glm/trigonometric.hpp">
			<Option target="Assignment"/>
		</Unit>
		<Unit filename="/home/roberto/downloads/Telegram Desktop/CG/cg-assignments/third/glm/glm/vec2.hpp">
			<Option target="Assignment"/>
		</Unit>
		<Unit filename="/home/roberto/downloads/Telegram Desktop/CG/cg-assignments/third/glm/glm/vec3.hpp">
			<Option target="Assignment"/>
		</Unit>
		<Unit filename="/home/roberto/downloads/Telegram Desktop/CG/cg-assignments/third/glm/glm/vec4.hpp">
			<Option target="Assignment"/>
		</Unit>
		<Unit filename="/home/roberto/downloads/Telegram Desktop/CG/cg-assignments/third/glm/glm/vector_relational.hpp">
			<Option target="Assignment"/>
		</Unit>
		<Unit filename="/home/roberto/downloads/Telegram Desktop/CG/cg-assignments/third/stb/stb_image.h">
			<Option target="Assignment"/>
		</Unit>
		<Unit filename="/home/roberto/downloads/Telegram Desktop/CG/cg-assignments/CMakeLists.txt">
			<Option virtualFolder="CMake Files\"/>
		</Unit>
		<Unit filename="/home/roberto/downloads/Telegram Desktop/CG/cg-assignments/third/glfw/CMakeLists.txt">
			<Option virtualFolder="CMake Files\third\glfw\"/>
		</Unit>
		<Unit filename="/home/roberto/downloads/Telegram Desktop/CG/cg-assignments/third/glfw/CMakeLists.txt">
			<Option virtualFolder="CMake Files\third\glfw\"/>
		</Unit>
		<Unit filename="/home/roberto/downloads/Telegram Desktop/CG/cg-assignments/third/glfw/CMake/modules/FindVulkan.cmake">
			<Option virtualFolder="CMake Files\third\glfw\CMake\modules\"/>
		</Unit>
		<Unit filename="/home/roberto/downloads/Telegram Desktop/CG/cg-assignments/third/glfw/CMake/modules/FindVulkan.cmake">
			<Option virtualFolder="CMake Files\third\glfw\CMake\modules\"/>
		</Unit>
		<Unit filename="/home/roberto/downloads/Telegram Desktop/CG/cg-assignments/third/glfw/src/glfw3Config.cmake.in">
			<Option virtualFolder="CMake Files\third\glfw\src\"/>
		</Unit>
		<Unit filename="/home/roberto/downloads/Telegram Desktop/CG/cg-assignments/third/glfw/src/glfw_config.h.in">
			<Option virtualFolder="CMake Files\third\glfw\src\"/>
		</Unit>
		<Unit filename="/home/roberto/downloads/Telegram Desktop/CG/cg-assignments/third/glfw/src/glfw3.pc.in">
			<Option virtualFolder="CMake Files\third\glfw\src\"/>
		</Unit>
		<Unit filename="/home/roberto/downloads/Telegram Desktop/CG/cg-assignments/third/glfw/src/CMakeLists.txt">
			<Option virtualFolder="CMake Files\third\glfw\src\"/>
		</Unit>
		<Unit filename="/home/roberto/downloads/Telegram Desktop/CG/cg-assignments/third/glfw/src/glfw3Config.cmake.in">
			<Option virtualFolder="CMake Files\third\glfw\src\"/>
		</Unit>
		<Unit filename="/home/roberto/downloads/Telegram Desktop/CG/cg-assignments/third/glfw/src/glfw_config.h.in">
			<Option virtualFolder="CMake Files\third\glfw\src\"/>
		</Unit>
		<Unit filename="/home/roberto/downloads/Telegram Desktop/CG/cg-assignments/third/glfw/src/glfw3.pc.in">
			<Option virtualFolder="CMake Files\third\glfw\src\"/>
		</Unit>
		<Unit filename="/home/roberto/downloads/Telegram Desktop/CG/cg-assignments/third/glfw/src/CMakeLists.txt">
			<Option virtualFolder="CMake Files\third\glfw\src\"/>
		</Unit>
	</Project>
</CodeBlocks_project_file>
